
Microsoft Visual Studio Solution File, Format Version 12.00
# Visual Studio Version 17
VisualStudioVersion = 17.9.34622.214
MinimumVisualStudioVersion = 10.0.40219.1
Project("{54A90642-561A-4BB1-A94E-469ADEE60C69}") = "travel.shots.spa", "travel.shots.spa\travel.shots.spa.esproj", "{7102E7F2-D97B-4D92-8ABF-6DEB88828BA0}"
EndProject
Global
	GlobalSection(SolutionConfigurationPlatforms) = preSolution
		Debug|Any CPU = Debug|Any CPU
		Release|Any CPU = Release|Any CPU
	EndGlobalSection
	GlobalSection(ProjectConfigurationPlatforms) = postSolution
		{7102E7F2-D97B-4D92-8ABF-6DEB88828BA0}.Debug|Any CPU.ActiveCfg = Debug|Any CPU
		{7102E7F2-D97B-4D92-8ABF-6DEB88828BA0}.Debug|Any CPU.Build.0 = Debug|Any CPU
		{7102E7F2-D97B-4D92-8ABF-6DEB88828BA0}.Debug|Any CPU.Deploy.0 = Debug|Any CPU
		{7102E7F2-D97B-4D92-8ABF-6DEB88828BA0}.Release|Any CPU.ActiveCfg = Release|Any CPU
		{7102E7F2-D97B-4D92-8ABF-6DEB88828BA0}.Release|Any CPU.Build.0 = Release|Any CPU
		{7102E7F2-D97B-4D92-8ABF-6DEB88828BA0}.Release|Any CPU.Deploy.0 = Release|Any CPU
	EndGlobalSection
	GlobalSection(SolutionProperties) = preSolution
		HideSolutionNode = FALSE
	EndGlobalSection
	GlobalSection(ExtensibilityGlobals) = postSolution
		SolutionGuid = {349CF8AA-F625-4F76-8460-52DEDD5D1C4F}
	EndGlobalSection
EndGlobal
